Microsoft Visual Studio Solution File, Format Version 12.00
# Visual Studio Version 17
VisualStudioVersion = 17.5.2.0
MinimumVisualStudioVersion = 10.0.40219.1
Project("{FAE04EC0-301F-11D3-BF4B-00C04F79EFBC}") = "FWGE_Editor", "FWGE_Editor\FWGE_Editor.csproj", "{31093D75-C536-2C24-18CF-6E650FD808D4}"
EndProject
Global
	GlobalSection(SolutionConfigurationPlatforms) = preSolution
		Debug|Any CPU = Debug|Any CPU
		Release|Any CPU = Release|Any CPU
	EndGlobalSection
	GlobalSection(ProjectConfigurationPlatforms) = postSolution
		{31093D75-C536-2C24-18CF-6E650FD808D4}.Debug|Any CPU.ActiveCfg = Debug|Any CPU
		{31093D75-C536-2C24-18CF-6E650FD808D4}.Debug|Any CPU.Build.0 = Debug|Any CPU
		{31093D75-C536-2C24-18CF-6E650FD808D4}.Release|Any CPU.ActiveCfg = Release|Any CPU
		{31093D75-C536-2C24-18CF-6E650FD808D4}.Release|Any CPU.Build.0 = Release|Any CPU
	EndGlobalSection
	GlobalSection(SolutionProperties) = preSolution
		HideSolutionNode = FALSE
	EndGlobalSection
	GlobalSection(ExtensibilityGlobals) = postSolution
		SolutionGuid = {C05E1E43-94C1-48BD-ABFD-46673CB918B5}
	EndGlobalSection
EndGlobal
